
Microsoft Visual Studio Solution File, Format Version 12.00
# Visual Studio 14
VisualStudioVersion = 14.0.24720.0
MinimumVisualStudioVersion = 10.0.40219.1
Project("{2150E333-8FDC-42A3-9474-1A3956D46DE8}") = "Common", "Common", "{51167E4D-99CB-422E-B3BB-1DB9FE8F9C39}"
EndProject
Project("{FAE04EC0-301F-11D3-BF4B-00C04F79EFBC}") = "Common", "Common\Common.csproj", "{B7536E35-0AED-47B4-AF80-90E9C0F98560}"
EndProject
Project("{FAE04EC0-301F-11D3-BF4B-00C04F79EFBC}") = "Common.Tests", "Common.Tests\Common.Tests.csproj", "{A9149704-A94C-4599-A2FC-30ED2C3A70F8}"
EndProject
Project("{FAE04EC0-301F-11D3-BF4B-00C04F79EFBC}") = "Common.Domain", "Common.Domain\Common.Domain.csproj", "{EE03AECF-4265-415D-A6EC-3A3466E5D459}"
EndProject
Project("{FAE04EC0-301F-11D3-BF4B-00C04F79EFBC}") = "Common.Domain.Tests", "Common.Domain.Tests\Common.Domain.Tests.csproj", "{31551C79-A220-41D3-83D2-81214D4A84AF}"
EndProject
Project("{FAE04EC0-301F-11D3-BF4B-00C04F79EFBC}") = "Common.Application", "Common.Application\Common.Application.csproj", "{105C4358-5AD0-4C8C-975B-9F53B358FB89}"
EndProject
Project("{2150E333-8FDC-42A3-9474-1A3956D46DE8}") = "Infrastructure", "Infrastructure", "{2F2568B0-A15A-4EA1-9DFB-94A6537852B1}"
EndProject
Project("{2150E333-8FDC-42A3-9474-1A3956D46DE8}") = "Persistence", "Persistence", "{45086430-2CEE-433A-9A7A-533B000DED59}"
EndProject
Project("{2150E333-8FDC-42A3-9474-1A3956D46DE8}") = "Messaging", "Messaging", "{B76B083E-069A-4F1E-8E0A-3B16845DCA17}"
EndProject
Project("{FAE04EC0-301F-11D3-BF4B-00C04F79EFBC}") = "Common.Infrastructure.Persistence.Redis", "Common.Infrastructure.Persistence.Redis\Common.Infrastructure.Persistence.Redis.csproj", "{FD3462ED-C068-4EBB-8BC1-428F3980543A}"
EndProject
Project("{FAE04EC0-301F-11D3-BF4B-00C04F79EFBC}") = "Common.Infrastructure.Persistence.Ef", "Common.Infrastructure.Persistence.Ef\Common.Infrastructure.Persistence.Ef.csproj", "{441B916F-62E8-4DD9-8857-1BAC9A5BB0C6}"
EndProject
Project("{FAE04EC0-301F-11D3-BF4B-00C04F79EFBC}") = "Common.Infrastructure.Persistence.Redis.Tests", "Common.Infrastructure.Persistence.Redis.Tests\Common.Infrastructure.Persistence.Redis.Tests.csproj", "{E8134D56-3256-4CD5-AE73-B58D949CC4D6}"
EndProject
Project("{FAE04EC0-301F-11D3-BF4B-00C04F79EFBC}") = "Common.Infrastructure.Messaging.Redis", "Common.Infrastructure.Messaging.Redis\Common.Infrastructure.Messaging.Redis.csproj", "{A0CD86CB-F40F-410B-B448-B3ED66C62847}"
EndProject
Project("{FAE04EC0-301F-11D3-BF4B-00C04F79EFBC}") = "Common.Infrastructure.Messaging.Redis.Tests", "Common.Infrastructure.Messaging.Redis.Tests\Common.Infrastructure.Messaging.Redis.Tests.csproj", "{D181B95E-6B0A-4392-A1B5-E9C8E9CA75C1}"
EndProject
Project("{FAE04EC0-301F-11D3-BF4B-00C04F79EFBC}") = "Common.Infrastructure.Messaging.AzureServiceBus.Tests", "Common.Infrastructure.Messaging.AzureServiceBus.Tests\Common.Infrastructure.Messaging.AzureServiceBus.Tests.csproj", "{C424CC41-873E-4625-9526-BF75E42F977B}"
EndProject
Project("{FAE04EC0-301F-11D3-BF4B-00C04F79EFBC}") = "Common.Infrastructure.Messaging.AzureServiceBus", "Common.Infrastructure.Messaging.AzureServiceBus\Common.Infrastructure.Messaging.AzureServiceBus.csproj", "{D6A92746-9C46-4E7A-893E-2C25A6209B8A}"
EndProject
Project("{2150E333-8FDC-42A3-9474-1A3956D46DE8}") = "Notifications", "Notifications", "{5F393597-EFAE-4A7C-81FD-E59148C52708}"
EndProject
Project("{FAE04EC0-301F-11D3-BF4B-00C04F79EFBC}") = "Common.Infrastructure.Notifications.Sms.Twilio", "Common.Infrastructure.Notifications.Sms.Twilio\Common.Infrastructure.Notifications.Sms.Twilio.csproj", "{7FDAEBEE-E348-4D97-822F-14D68128B5BD}"
EndProject
Project("{2150E333-8FDC-42A3-9474-1A3956D46DE8}") = "Caching", "Caching", "{B6F7D71A-7153-4056-97C6-262BD95EDBC5}"
EndProject
Project("{FAE04EC0-301F-11D3-BF4B-00C04F79EFBC}") = "Common.Infrastructure.Caching.MemoryCache", "Common.Infrastructure.Caching.MemoryCache\Common.Infrastructure.Caching.MemoryCache.csproj", "{790C4991-5F8D-4B17-8062-461AEE56CA47}"
EndProject
Global
	GlobalSection(SolutionConfigurationPlatforms) = preSolution
		Debug|Any CPU = Debug|Any CPU
		Release|Any CPU = Release|Any CPU
	EndGlobalSection
	GlobalSection(ProjectConfigurationPlatforms) = postSolution
		{B7536E35-0AED-47B4-AF80-90E9C0F98560}.Debug|Any CPU.ActiveCfg = Debug|Any CPU
		{B7536E35-0AED-47B4-AF80-90E9C0F98560}.Debug|Any CPU.Build.0 = Debug|Any CPU
		{B7536E35-0AED-47B4-AF80-90E9C0F98560}.Release|Any CPU.ActiveCfg = Release|Any CPU
		{B7536E35-0AED-47B4-AF80-90E9C0F98560}.Release|Any CPU.Build.0 = Release|Any CPU
		{A9149704-A94C-4599-A2FC-30ED2C3A70F8}.Debug|Any CPU.ActiveCfg = Debug|Any CPU
		{A9149704-A94C-4599-A2FC-30ED2C3A70F8}.Debug|Any CPU.Build.0 = Debug|Any CPU
		{A9149704-A94C-4599-A2FC-30ED2C3A70F8}.Release|Any CPU.ActiveCfg = Release|Any CPU
		{A9149704-A94C-4599-A2FC-30ED2C3A70F8}.Release|Any CPU.Build.0 = Release|Any CPU
		{EE03AECF-4265-415D-A6EC-3A3466E5D459}.Debug|Any CPU.ActiveCfg = Debug|Any CPU
		{EE03AECF-4265-415D-A6EC-3A3466E5D459}.Debug|Any CPU.Build.0 = Debug|Any CPU
		{EE03AECF-4265-415D-A6EC-3A3466E5D459}.Release|Any CPU.ActiveCfg = Release|Any CPU
		{EE03AECF-4265-415D-A6EC-3A3466E5D459}.Release|Any CPU.Build.0 = Release|Any CPU
		{31551C79-A220-41D3-83D2-81214D4A84AF}.Debug|Any CPU.ActiveCfg = Debug|Any CPU
		{31551C79-A220-41D3-83D2-81214D4A84AF}.Debug|Any CPU.Build.0 = Debug|Any CPU
		{31551C79-A220-41D3-83D2-81214D4A84AF}.Release|Any CPU.ActiveCfg = Release|Any CPU
		{31551C79-A220-41D3-83D2-81214D4A84AF}.Release|Any CPU.Build.0 = Release|Any CPU
		{105C4358-5AD0-4C8C-975B-9F53B358FB89}.Debug|Any CPU.ActiveCfg = Debug|Any CPU
		{105C4358-5AD0-4C8C-975B-9F53B358FB89}.Debug|Any CPU.Build.0 = Debug|Any CPU
		{105C4358-5AD0-4C8C-975B-9F53B358FB89}.Release|Any CPU.ActiveCfg = Release|Any CPU
		{105C4358-5AD0-4C8C-975B-9F53B358FB89}.Release|Any CPU.Build.0 = Release|Any CPU
		{FD3462ED-C068-4EBB-8BC1-428F3980543A}.Debug|Any CPU.ActiveCfg = Debug|Any CPU
		{FD3462ED-C068-4EBB-8BC1-428F3980543A}.Debug|Any CPU.Build.0 = Debug|Any CPU
		{FD3462ED-C068-4EBB-8BC1-428F3980543A}.Release|Any CPU.ActiveCfg = Release|Any CPU
		{FD3462ED-C068-4EBB-8BC1-428F3980543A}.Release|Any CPU.Build.0 = Release|Any CPU
		{441B916F-62E8-4DD9-8857-1BAC9A5BB0C6}.Debug|Any CPU.ActiveCfg = Debug|Any CPU
		{441B916F-62E8-4DD9-8857-1BAC9A5BB0C6}.Debug|Any CPU.Build.0 = Debug|Any CPU
		{441B916F-62E8-4DD9-8857-1BAC9A5BB0C6}.Release|Any CPU.ActiveCfg = Release|Any CPU
		{441B916F-62E8-4DD9-8857-1BAC9A5BB0C6}.Release|Any CPU.Build.0 = Release|Any CPU
		{E8134D56-3256-4CD5-AE73-B58D949CC4D6}.Debug|Any CPU.ActiveCfg = Debug|Any CPU
		{E8134D56-3256-4CD5-AE73-B58D949CC4D6}.Debug|Any CPU.Build.0 = Debug|Any CPU
		{E8134D56-3256-4CD5-AE73-B58D949CC4D6}.Release|Any CPU.ActiveCfg = Release|Any CPU
		{E8134D56-3256-4CD5-AE73-B58D949CC4D6}.Release|Any CPU.Build.0 = Release|Any CPU
		{A0CD86CB-F40F-410B-B448-B3ED66C62847}.Debug|Any CPU.ActiveCfg = Debug|Any CPU
		{A0CD86CB-F40F-410B-B448-B3ED66C62847}.Debug|Any CPU.Build.0 = Debug|Any CPU
		{A0CD86CB-F40F-410B-B448-B3ED66C62847}.Release|Any CPU.ActiveCfg = Release|Any CPU
		{A0CD86CB-F40F-410B-B448-B3ED66C62847}.Release|Any CPU.Build.0 = Release|Any CPU
		{D181B95E-6B0A-4392-A1B5-E9C8E9CA75C1}.Debug|Any CPU.ActiveCfg = Debug|Any CPU
		{D181B95E-6B0A-4392-A1B5-E9C8E9CA75C1}.Debug|Any CPU.Build.0 = Debug|Any CPU
		{D181B95E-6B0A-4392-A1B5-E9C8E9CA75C1}.Release|Any CPU.ActiveCfg = Release|Any CPU
		{D181B95E-6B0A-4392-A1B5-E9C8E9CA75C1}.Release|Any CPU.Build.0 = Release|Any CPU
		{C424CC41-873E-4625-9526-BF75E42F977B}.Debug|Any CPU.ActiveCfg = Debug|Any CPU
		{C424CC41-873E-4625-9526-BF75E42F977B}.Debug|Any CPU.Build.0 = Debug|Any CPU
		{C424CC41-873E-4625-9526-BF75E42F977B}.Release|Any CPU.ActiveCfg = Release|Any CPU
		{C424CC41-873E-4625-9526-BF75E42F977B}.Release|Any CPU.Build.0 = Release|Any CPU
		{D6A92746-9C46-4E7A-893E-2C25A6209B8A}.Debug|Any CPU.ActiveCfg = Debug|Any CPU
		{D6A92746-9C46-4E7A-893E-2C25A6209B8A}.Debug|Any CPU.Build.0 = Debug|Any CPU
		{D6A92746-9C46-4E7A-893E-2C25A6209B8A}.Release|Any CPU.ActiveCfg = Release|Any CPU
		{D6A92746-9C46-4E7A-893E-2C25A6209B8A}.Release|Any CPU.Build.0 = Release|Any CPU
		{7FDAEBEE-E348-4D97-822F-14D68128B5BD}.Debug|Any CPU.ActiveCfg = Debug|Any CPU
		{7FDAEBEE-E348-4D97-822F-14D68128B5BD}.Debug|Any CPU.Build.0 = Debug|Any CPU
		{7FDAEBEE-E348-4D97-822F-14D68128B5BD}.Release|Any CPU.ActiveCfg = Release|Any CPU
		{7FDAEBEE-E348-4D97-822F-14D68128B5BD}.Release|Any CPU.Build.0 = Release|Any CPU
		{790C4991-5F8D-4B17-8062-461AEE56CA47}.Debug|Any CPU.ActiveCfg = Debug|Any CPU
		{790C4991-5F8D-4B17-8062-461AEE56CA47}.Debug|Any CPU.Build.0 = Debug|Any CPU
		{790C4991-5F8D-4B17-8062-461AEE56CA47}.Release|Any CPU.ActiveCfg = Release|Any CPU
		{790C4991-5F8D-4B17-8062-461AEE56CA47}.Release|Any CPU.Build.0 = Release|Any CPU
	EndGlobalSection
	GlobalSection(SolutionProperties) = preSolution
		HideSolutionNode = FALSE
	EndGlobalSection
	GlobalSection(NestedProjects) = preSolution
		{B7536E35-0AED-47B4-AF80-90E9C0F98560} = {51167E4D-99CB-422E-B3BB-1DB9FE8F9C39}
		{A9149704-A94C-4599-A2FC-30ED2C3A70F8} = {51167E4D-99CB-422E-B3BB-1DB9FE8F9C39}
		{EE03AECF-4265-415D-A6EC-3A3466E5D459} = {51167E4D-99CB-422E-B3BB-1DB9FE8F9C39}
		{31551C79-A220-41D3-83D2-81214D4A84AF} = {51167E4D-99CB-422E-B3BB-1DB9FE8F9C39}
		{105C4358-5AD0-4C8C-975B-9F53B358FB89} = {51167E4D-99CB-422E-B3BB-1DB9FE8F9C39}
		{2F2568B0-A15A-4EA1-9DFB-94A6537852B1} = {51167E4D-99CB-422E-B3BB-1DB9FE8F9C39}
		{45086430-2CEE-433A-9A7A-533B000DED59} = {2F2568B0-A15A-4EA1-9DFB-94A6537852B1}
		{B76B083E-069A-4F1E-8E0A-3B16845DCA17} = {2F2568B0-A15A-4EA1-9DFB-94A6537852B1}
		{FD3462ED-C068-4EBB-8BC1-428F3980543A} = {45086430-2CEE-433A-9A7A-533B000DED59}
		{441B916F-62E8-4DD9-8857-1BAC9A5BB0C6} = {45086430-2CEE-433A-9A7A-533B000DED59}
		{E8134D56-3256-4CD5-AE73-B58D949CC4D6} = {45086430-2CEE-433A-9A7A-533B000DED59}
		{A0CD86CB-F40F-410B-B448-B3ED66C62847} = {B76B083E-069A-4F1E-8E0A-3B16845DCA17}
		{D181B95E-6B0A-4392-A1B5-E9C8E9CA75C1} = {B76B083E-069A-4F1E-8E0A-3B16845DCA17}
		{C424CC41-873E-4625-9526-BF75E42F977B} = {B76B083E-069A-4F1E-8E0A-3B16845DCA17}
		{D6A92746-9C46-4E7A-893E-2C25A6209B8A} = {B76B083E-069A-4F1E-8E0A-3B16845DCA17}
		{5F393597-EFAE-4A7C-81FD-E59148C52708} = {2F2568B0-A15A-4EA1-9DFB-94A6537852B1}
		{7FDAEBEE-E348-4D97-822F-14D68128B5BD} = {5F393597-EFAE-4A7C-81FD-E59148C52708}
		{B6F7D71A-7153-4056-97C6-262BD95EDBC5} = {2F2568B0-A15A-4EA1-9DFB-94A6537852B1}
		{790C4991-5F8D-4B17-8062-461AEE56CA47} = {B6F7D71A-7153-4056-97C6-262BD95EDBC5}
	EndGlobalSection
EndGlobal
